// !$*UTF8*$!
{
	archiveVersion = 1;
	classes = {
	};
	objectVersion = 46;
	objects = {

/* Begin PBXBuildFile section */
		88655C741ACB71F9009A0BAC /* AppDelegate.swift in Sources */ = {isa = PBXBuildFile; fileRef = 88655C731ACB71F9009A0BAC /* AppDelegate.swift */; };
		88655C761ACB71F9009A0BAC /* ViewController.swift in Sources */ = {isa = PBXBuildFile; fileRef = 88655C751ACB71F9009A0BAC /* ViewController.swift */; };
		88655C791ACB71F9009A0BAC /* Main.storyboard in Resources */ = {isa = PBXBuildFile; fileRef = 88655C771ACB71F9009A0BAC /* Main.storyboard */; };
		88655C7B1ACB71F9009A0BAC /* Images.xcassets in Resources */ = {isa = PBXBuildFile; fileRef = 88655C7A1ACB71F9009A0BAC /* Images.xcassets */; };
		88655C7E1ACB71F9009A0BAC /* LaunchScreen.xib in Resources */ = {isa = PBXBuildFile; fileRef = 88655C7C1ACB71F9009A0BAC /* LaunchScreen.xib */; };
		88655C8A1ACB71F9009A0BAC /* PlayersTests.swift in Sources */ = {isa = PBXBuildFile; fileRef = 88655C891ACB71F9009A0BAC /* PlayersTests.swift */; };
		88655C981ACB74B8009A0BAC /* PlayersViewController.swift in Sources */ = {isa = PBXBuildFile; fileRef = 88655C971ACB74B8009A0BAC /* PlayersViewController.swift */; };
/* End PBXBuildFile section */

/* Begin PBXContainerItemProxy section */
		88655C841ACB71F9009A0BAC /* PBXContainerItemProxy */ = {
			isa = PBXContainerItemProxy;
			containerPortal = 88655C661ACB71F9009A0BAC /* Project object */;
			proxyType = 1;
			remoteGlobalIDString = 88655C6D1ACB71F9009A0BAC;
			remoteInfo = Players;
		};
/* End PBXContainerItemProxy section */

/* Begin PBXFileReference section */
		88655C6E1ACB71F9009A0BAC /* Players.app */ = {isa = PBXFileReference; explicitFileType = wrapper.application; includeInIndex = 0; path = Players.app; sourceTree = BUILT_PRODUCTS_DIR; };
		88655C721ACB71F9009A0BAC /* Info.plist */ = {isa = PBXFileReference; lastKnownFileType = text.plist.xml; path = Info.plist; sourceTree = "<group>"; };
		88655C731ACB71F9009A0BAC /* AppDelegate.swift */ = {isa = PBXFileReference; lastKnownFileType = sourcecode.swift; path = AppDelegate.swift; sourceTree = "<group>"; };
		88655C751ACB71F9009A0BAC /* ViewController.swift */ = {isa = PBXFileReference; lastKnownFileType = sourcecode.swift; path = ViewController.swift; sourceTree = "<group>"; };
		88655C781ACB71F9009A0BAC /* Base */ = {isa = PBXFileReference; lastKnownFileType = file.storyboard; name = Base; path = Base.lproj/Main.storyboard; sourceTree = "<group>"; };
		88655C7A1ACB71F9009A0BAC /* Images.xcassets */ = {isa = PBXFileReference; lastKnownFileType = folder.assetcatalog; path = Images.xcassets; sourceTree = "<group>"; };
		88655C7D1ACB71F9009A0BAC /* Base */ = {isa = PBXFileReference; lastKnownFileType = file.xib; name = Base; path = Base.lproj/LaunchScreen.xib; sourceTree = "<group>"; };
		88655C831ACB71F9009A0BAC /* PlayersTests.xctest */ = {isa = PBXFileReference; explicitFileType = wrapper.cfbundle; includeInIndex = 0; path = PlayersTests.xctest; sourceTree = BUILT_PRODUCTS_DIR; };
		88655C881ACB71F9009A0BAC /* Info.plist */ = {isa = PBXFileReference; lastKnownFileType = text.plist.xml; path = Info.plist; sourceTree = "<group>"; };
		88655C891ACB71F9009A0BAC /* PlayersTests.swift */ = {isa = PBXFileReference; lastKnownFileType = sourcecode.swift; path = PlayersTests.swift; sourceTree = "<group>"; };
		88655C971ACB74B8009A0BAC /* PlayersViewController.swift */ = {isa = PBXFileReference; fileEncoding = 4; lastKnownFileType = sourcecode.swift; path = PlayersViewController.swift; sourceTree = "<group>"; };
/* End PBXFileReference section */

/* Begin PBXFrameworksBuildPhase section */
		88655C6B1ACB71F9009A0BAC /* Frameworks */ = {
			isa = PBXFrameworksBuildPhase;
			buildActionMask = 2147483647;
			files = (
			);
			runOnlyForDeploymentPostprocessing = 0;
		};
		88655C801ACB71F9009A0BAC /* Frameworks */ = {
			isa = PBXFrameworksBuildPhase;
			buildActionMask = 2147483647;
			files = (
			);
			runOnlyForDeploymentPostprocessing = 0;
		};
/* End PBXFrameworksBuildPhase section */

/* Begin PBXGroup section */
		88655C651ACB71F9009A0BAC = {
			isa = PBXGroup;
			children = (
				88655C701ACB71F9009A0BAC /* Players */,
				88655C861ACB71F9009A0BAC /* PlayersTests */,
				88655C6F1ACB71F9009A0BAC /* Products */,
			);
			sourceTree = "<group>";
		};
		88655C6F1ACB71F9009A0BAC /* Products */ = {
			isa = PBXGroup;
			children = (
				88655C6E1ACB71F9009A0BAC /* Players.app */,
				88655C831ACB71F9009A0BAC /* PlayersTests.xctest */,
			);
			name = Products;
			sourceTree = "<group>";
		};
		88655C701ACB71F9009A0BAC /* Players */ = {
			isa = PBXGroup;
			children = (
				88655C731ACB71F9009A0BAC /* AppDelegate.swift */,
				88655C751ACB71F9009A0BAC /* ViewController.swift */,
				88655C771ACB71F9009A0BAC /* Main.storyboard */,
				88655C971ACB74B8009A0BAC /* PlayersViewController.swift */,
				88655C7A1ACB71F9009A0BAC /* Images.xcassets */,
				88655C7C1ACB71F9009A0BAC /* LaunchScreen.xib */,
				88655C711ACB71F9009A0BAC /* Supporting Files */,
			);
			path = Players;
			sourceTree = "<group>";
		};
		88655C711ACB71F9009A0BAC /* Supporting Files */ = {
			isa = PBXGroup;
			children = (
				88655C721ACB71F9009A0BAC /* Info.plist */,
			);
			name = "Supporting Files";
			sourceTree = "<group>";
		};
		88655C861ACB71F9009A0BAC /* PlayersTests */ = {
			isa = PBXGroup;
			children = (
				88655C891ACB71F9009A0BAC /* PlayersTests.swift */,
				88655C871ACB71F9009A0BAC /* Supporting Files */,
			);
			path = PlayersTests;
			sourceTree = "<group>";
		};
		88655C871ACB71F9009A0BAC /* Supporting Files */ = {
			isa = PBXGroup;
			children = (
				88655C881ACB71F9009A0BAC /* Info.plist */,
			);
			name = "Supporting Files";
			sourceTree = "<group>";
		};
/* End PBXGroup section */

/* Begin PBXNativeTarget section */
		88655C6D1ACB71F9009A0BAC /* Players */ = {
			isa = PBXNativeTarget;
			buildConfigurationList = 88655C8D1ACB71F9009A0BAC /* Build configuration list for PBXNativeTarget "Players" */;
			buildPhases = (
				88655C6A1ACB71F9009A0BAC /* Sources */,
				88655C6B1ACB71F9009A0BAC /* Frameworks */,
				88655C6C1ACB71F9009A0BAC /* Resources */,
			);
			buildRules = (
			);
			dependencies = (
			);
			name = Players;
			productName = Players;
			productReference = 88655C6E1ACB71F9009A0BAC /* Players.app */;
			productType = "com.apple.product-type.application";
		};
		88655C821ACB71F9009A0BAC /* PlayersTests */ = {
			isa = PBXNativeTarget;
			buildConfigurationList = 88655C901ACB71F9009A0BAC /* Build configuration list for PBXNativeTarget "PlayersTests" */;
			buildPhases = (
				88655C7F1ACB71F9009A0BAC /* Sources */,
				88655C801ACB71F9009A0BAC /* Frameworks */,
				88655C811ACB71F9009A0BAC /* Resources */,
			);
			buildRules = (
			);
			dependencies = (
				88655C851ACB71F9009A0BAC /* PBXTargetDependency */,
			);
			name = PlayersTests;
			productName = PlayersTests;
			productReference = 88655C831ACB71F9009A0BAC /* PlayersTests.xctest */;
			productType = "com.apple.product-type.bundle.unit-test";
		};
/* End PBXNativeTarget section */

/* Begin PBXProject section */
		88655C661ACB71F9009A0BAC /* Project object */ = {
			isa = PBXProject;
			attributes = {
				LastUpgradeCheck = 0620;
				ORGANIZATIONNAME = "Jesse Shawl";
				TargetAttributes = {
					88655C6D1ACB71F9009A0BAC = {
						CreatedOnToolsVersion = 6.2;
					};
					88655C821ACB71F9009A0BAC = {
						CreatedOnToolsVersion = 6.2;
						TestTargetID = 88655C6D1ACB71F9009A0BAC;
					};
				};
			};
			buildConfigurationList = 88655C691ACB71F9009A0BAC /* Build configuration list for PBXProject "Players" */;
			compatibilityVersion = "Xcode 3.2";
			developmentRegion = English;
			hasScannedForEncodings = 0;
			knownRegions = (
				en,
				Base,
			);
			mainGroup = 88655C651ACB71F9009A0BAC;
			productRefGroup = 88655C6F1ACB71F9009A0BAC /* Products */;
			projectDirPath = "";
			projectRoot = "";
			targets = (
				88655C6D1ACB71F9009A0BAC /* Players */,
				88655C821ACB71F9009A0BAC /* PlayersTests */,
			);
		};
/* End PBXProject section */

/* Begin PBXResourcesBuildPhase section */
		88655C6C1ACB71F9009A0BAC /* Resources */ = {
			isa = PBXResourcesBuildPhase;
			buildActionMask = 2147483647;
			files = (
				88655C791ACB71F9009A0BAC /* Main.storyboard in Resources */,
				88655C7E1ACB71F9009A0BAC /* LaunchScreen.xib in Resources */,
				88655C7B1ACB71F9009A0BAC /* Images.xcassets in Resources */,
			);
			runOnlyForDeploymentPostprocessing = 0;
		};
		88655C811ACB71F9009A0BAC /* Resources */ = {
			isa = PBXResourcesBuildPhase;
			buildActionMask = 2147483647;
			files = (
			);
			runOnlyForDeploymentPostprocessing = 0;
		};
/* End PBXResourcesBuildPhase section */

/* Begin PBXSourcesBuildPhase section */
		88655C6A1ACB71F9009A0BAC /* Sources */ = {
			isa = PBXSourcesBuildPhase;
			buildActionMask = 2147483647;
			files = (
				88655C761ACB71F9009A0BAC /* ViewController.swift in Sources */,
				88655C741ACB71F9009A0BAC /* AppDelegate.swift in Sources */,
				88655C981ACB74B8009A0BAC /* PlayersViewController.swift in Sources */,
			);
			runOnlyForDeploymentPostprocessing = 0;
		};
		88655C7F1ACB71F9009A0BAC /* Sources */ = {
			isa = PBXSourcesBuildPhase;
			buildActionMask = 2147483647;
			files = (
				88655C8A1ACB71F9009A0BAC /* PlayersTests.swift in Sources */,
			);
			runOnlyForDeploymentPostprocessing = 0;
		};
/* End PBXSourcesBuildPhase section */

/* Begin PBXTargetDependency section */
		88655C851ACB71F9009A0BAC /* PBXTargetDependency */ = {
			isa = PBXTargetDependency;
			target = 88655C6D1ACB71F9009A0BAC /* Players */;
			targetProxy = 88655C841ACB71F9009A0BAC /* PBXContainerItemProxy */;
		};
/* End PBXTargetDependency section */

/* Begin PBXVariantGroup section */
		88655C771ACB71F9009A0BAC /* Main.storyboard */ = {
			isa = PBXVariantGroup;
			children = (
				88655C781ACB71F9009A0BAC /* Base */,
			);
			name = Main.storyboard;
			sourceTree = "<group>";
		};
		88655C7C1ACB71F9009A0BAC /* LaunchScreen.xib */ = {
			isa = PBXVariantGroup;
			children = (
				88655C7D1ACB71F9009A0BAC /* Base */,
			);
			name = LaunchScreen.xib;
			sourceTree = "<group>";
		};
/* End PBXVariantGroup section */

/* Begin XCBuildConfiguration section */
		88655C8B1ACB71F9009A0BAC /* Debug */ = {
			isa = XCBuildConfiguration;
			buildSettings = {
				ALWAYS_SEARCH_USER_PATHS = NO;
				CLANG_CXX_LANGUAGE_STANDARD = "gnu++0x";
				CLANG_CXX_LIBRARY = "libc++";
				CLANG_ENABLE_MODULES = YES;
				CLANG_ENABLE_OBJC_ARC = YES;
				CLANG_WARN_BOOL_CONVERSION = YES;
				CLANG_WARN_CONSTANT_CONVERSION = YES;
				CLANG_WARN_DIRECT_OBJC_ISA_USAGE = YES_ERROR;
				CLANG_WARN_EMPTY_BODY = YES;
				CLANG_WARN_ENUM_CONVERSION = YES;
				CLANG_WARN_INT_CONVERSION = YES;
				CLANG_WARN_OBJC_ROOT_CLASS = YES_ERROR;
				CLANG_WARN_UNREACHABLE_CODE = YES;
				CLANG_WARN__DUPLICATE_METHOD_MATCH = YES;
				"CODE_SIGN_IDENTITY[sdk=iphoneos*]" = "iPhone Developer";
				COPY_PHASE_STRIP = NO;
				ENABLE_STRICT_OBJC_MSGSEND = YES;
				GCC_C_LANGUAGE_STANDARD = gnu99;
				GCC_DYNAMIC_NO_PIC = NO;
				GCC_OPTIMIZATION_LEVEL = 0;
				GCC_PREPROCESSOR_DEFINITIONS = (
					"DEBUG=1",
					"$(inherited)",
				);
				GCC_SYMBOLS_PRIVATE_EXTERN = NO;
				GCC_WARN_64_TO_32_BIT_CONVERSION = YES;
				GCC_WARN_ABOUT_RETURN_TYPE = YES_ERROR;
				GCC_WARN_UNDECLARED_SELECTOR = YES;
				GCC_WARN_UNINITIALIZED_AUTOS = YES_AGGRESSIVE;
				GCC_WARN_UNUSED_FUNCTION = YES;
				GCC_WARN_UNUSED_VARIABLE = YES;
				IPHONEOS_DEPLOYMENT_TARGET = 8.2;
				MTL_ENABLE_DEBUG_INFO = YES;
				ONLY_ACTIVE_ARCH = YES;
				SDKROOT = iphoneos;
				SWIFT_OPTIMIZATION_LEVEL = "-Onone";
				TARGETED_DEVICE_FAMILY = "1,2";
			};
			name = Debug;
		};
		88655C8C1ACB71F9009A0BAC /* Release */ = {
			isa = XCBuildConfiguration;
			buildSettings = {
				ALWAYS_SEARCH_USER_PATHS = NO;
				CLANG_CXX_LANGUAGE_STANDARD = "gnu++0x";
				CLANG_CXX_LIBRARY = "libc++";
				CLANG_ENABLE_MODULES = YES;
				CLANG_ENABLE_OBJC_ARC = YES;
				CLANG_WARN_BOOL_CONVERSION = YES;
				CLANG_WARN_CONSTANT_CONVERSION = YES;
				CLANG_WARN_DIRECT_OBJC_ISA_USAGE = YES_ERROR;
				CLANG_WARN_EMPTY_BODY = YES;
				CLANG_WARN_ENUM_CONVERSION = YES;
				CLANG_WARN_INT_CONVERSION = YES;
				CLANG_WARN_OBJC_ROOT_CLASS = YES_ERROR;
				CLANG_WARN_UNREACHABLE_CODE = YES;
				CLANG_WARN__DUPLICATE_METHOD_MATCH = YES;
				"CODE_SIGN_IDENTITY[sdk=iphoneos*]" = "iPhone Developer";
				COPY_PHASE_STRIP = NO;
				ENABLE_NS_ASSERTIONS = NO;
				ENABLE_STRICT_OBJC_MSGSEND = YES;
				GCC_C_LANGUAGE_STANDARD = gnu99;
				GCC_WARN_64_TO_32_BIT_CONVERSION = YES;
				GCC_WARN_ABOUT_RETURN_TYPE = YES_ERROR;
				GCC_WARN_UNDECLARED_SELECTOR = YES;
				GCC_WARN_UNINITIALIZED_AUTOS = YES_AGGRESSIVE;
				GCC_WARN_UNUSED_FUNCTION = YES;
				GCC_WARN_UNUSED_VARIABLE = YES;
				IPHONEOS_DEPLOYMENT_TARGET = 8.2;
				MTL_ENABLE_DEBUG_INFO = NO;
				SDKROOT = iphoneos;
				TARGETED_DEVICE_FAMILY = "1,2";
				VALIDATE_PRODUCT = YES;
			};
			name = Release;
		};
		88655C8E1ACB71F9009A0BAC /* Debug */ = {
			isa = XCBuildConfiguration;
			buildSettings = {
				ASSETCATALOG_COMPILER_APPICON_NAME = AppIcon;
				INFOPLIST_FILE = Players/Info.plist;
				LD_RUNPATH_SEARCH_PATHS = "$(inherited) @executable_path/Frameworks";
				PRODUCT_NAME = "$(TARGET_NAME)";
			};
			name = Debug;
		};
		88655C8F1ACB71F9009A0BAC /* Release */ = {
			isa = XCBuildConfiguration;
			buildSettings = {
				ASSETCATALOG_COMPILER_APPICON_NAME = AppIcon;
				INFOPLIST_FILE = Players/Info.plist;
				LD_RUNPATH_SEARCH_PATHS = "$(inherited) @executable_path/Frameworks";
				PRODUCT_NAME = "$(TARGET_NAME)";
			};
			name = Release;
		};
		88655C911ACB71F9009A0BAC /* Debug */ = {
			isa = XCBuildConfiguration;
			buildSettings = {
				BUNDLE_LOADER = "$(TEST_HOST)";
				FRAMEWORK_SEARCH_PATHS = (
					"$(SDKROOT)/Developer/Library/Frameworks",
					"$(inherited)",
				);
				GCC_PREPROCESSOR_DEFINITIONS = (
					"DEBUG=1",
					"$(inherited)",
				);
				INFOPLIST_FILE = PlayersTests/Info.plist;
				LD_RUNPATH_SEARCH_PATHS = "$(inherited) @executable_path/Frameworks @loader_path/Frameworks";
				PRODUCT_NAME = "$(TARGET_NAME)";
				TEST_HOST = "$(BUILT_PRODUCTS_DIR)/Players.app/Players";
			};
			name = Debug;
		};
		88655C921ACB71F9009A0BAC /* Release */ = {
			isa = XCBuildConfiguration;
			buildSettings = {
				BUNDLE_LOADER = "$(TEST_HOST)";
				FRAMEWORK_SEARCH_PATHS = (
					"$(SDKROOT)/Developer/Library/Frameworks",
					"$(inherited)",
				);
				INFOPLIST_FILE = PlayersTests/Info.plist;
				LD_RUNPATH_SEARCH_PATHS = "$(inherited) @executable_path/Frameworks @loader_path/Frameworks";
				PRODUCT_NAME = "$(TARGET_NAME)";
				TEST_HOST = "$(BUILT_PRODUCTS_DIR)/Players.app/Players";
			};
			name = Release;
		};
/* End XCBuildConfiguration section */

/* Begin XCConfigurationList section */
		88655C691ACB71F9009A0BAC /* Build configuration list for PBXProject "Players" */ = {
			isa = XCConfigurationList;
			buildConfigurations = (
				88655C8B1ACB71F9009A0BAC /* Debug */,
				88655C8C1ACB71F9009A0BAC /* Release */,
			);
			defaultConfigurationIsVisible = 0;
			defaultConfigurationName = Release;
		};
		88655C8D1ACB71F9009A0BAC /* Build configuration list for PBXNativeTarget "Players" */ = {
			isa = XCConfigurationList;
			buildConfigurations = (
				88655C8E1ACB71F9009A0BAC /* Debug */,
				88655C8F1ACB71F9009A0BAC /* Release */,
			);
			defaultConfigurationIsVisible = 0;
		};
		88655C901ACB71F9009A0BAC /* Build configuration list for PBXNativeTarget "PlayersTests" */ = {
			isa = XCConfigurationList;
			buildConfigurations = (
				88655C911ACB71F9009A0BAC /* Debug */,
				88655C921ACB71F9009A0BAC /* Release */,
			);
			defaultConfigurationIsVisible = 0;
		};
/* End XCConfigurationList section */
	};
	rootObject = 88655C661ACB71F9009A0BAC /* Project object */;
}
